
Microsoft Visual Studio Solution File, Format Version 12.00
# Visual Studio Version 16
VisualStudioVersion = 16.0.29613.14
MinimumVisualStudioVersion = 10.0.40219.1
Project("{9A19103F-16F7-4668-BE54-9A1E7A4F7556}") = "Insurance.Core", "Insurance.Core\Insurance.Core.csproj", "{863ED7CA-4062-456B-AD00-4ED7A8BC04B2}"
EndProject
Project("{9A19103F-16F7-4668-BE54-9A1E7A4F7556}") = "Insurance.Test", "Insurance.Test\Insurance.Test.csproj", "{5715C2AB-3905-4412-B9E1-F027CF8A82BA}"
EndProject
Project("{9A19103F-16F7-4668-BE54-9A1E7A4F7556}") = "Insurance.Api", "Insurance.Api\Insurance.Api.csproj", "{CE94DCE7-C9E1-4810-AE1F-5AFF874D1774}"
EndProject
Project("{FAE04EC0-301F-11D3-BF4B-00C04F79EFBC}") = "Insurance.Web", "Insurance.Web\Insurance.Web.csproj", "{B9597545-F045-4FFF-B0E4-9888C2460E15}"
EndProject
Global
	GlobalSection(SolutionConfigurationPlatforms) = preSolution
		Debug|Any CPU = Debug|Any CPU
		Release|Any CPU = Release|Any CPU
	EndGlobalSection
	GlobalSection(ProjectConfigurationPlatforms) = postSolution
		{863ED7CA-4062-456B-AD00-4ED7A8BC04B2}.Debug|Any CPU.ActiveCfg = Debug|Any CPU
		{863ED7CA-4062-456B-AD00-4ED7A8BC04B2}.Debug|Any CPU.Build.0 = Debug|Any CPU
		{863ED7CA-4062-456B-AD00-4ED7A8BC04B2}.Release|Any CPU.ActiveCfg = Release|Any CPU
		{863ED7CA-4062-456B-AD00-4ED7A8BC04B2}.Release|Any CPU.Build.0 = Release|Any CPU
		{5715C2AB-3905-4412-B9E1-F027CF8A82BA}.Debug|Any CPU.ActiveCfg = Debug|Any CPU
		{5715C2AB-3905-4412-B9E1-F027CF8A82BA}.Debug|Any CPU.Build.0 = Debug|Any CPU
		{5715C2AB-3905-4412-B9E1-F027CF8A82BA}.Release|Any CPU.ActiveCfg = Release|Any CPU
		{5715C2AB-3905-4412-B9E1-F027CF8A82BA}.Release|Any CPU.Build.0 = Release|Any CPU
		{CE94DCE7-C9E1-4810-AE1F-5AFF874D1774}.Debug|Any CPU.ActiveCfg = Debug|Any CPU
		{CE94DCE7-C9E1-4810-AE1F-5AFF874D1774}.Debug|Any CPU.Build.0 = Debug|Any CPU
		{CE94DCE7-C9E1-4810-AE1F-5AFF874D1774}.Release|Any CPU.ActiveCfg = Release|Any CPU
		{CE94DCE7-C9E1-4810-AE1F-5AFF874D1774}.Release|Any CPU.Build.0 = Release|Any CPU
		{B9597545-F045-4FFF-B0E4-9888C2460E15}.Debug|Any CPU.ActiveCfg = Debug|Any CPU
		{B9597545-F045-4FFF-B0E4-9888C2460E15}.Debug|Any CPU.Build.0 = Debug|Any CPU
		{B9597545-F045-4FFF-B0E4-9888C2460E15}.Release|Any CPU.ActiveCfg = Release|Any CPU
		{B9597545-F045-4FFF-B0E4-9888C2460E15}.Release|Any CPU.Build.0 = Release|Any CPU
	EndGlobalSection
	GlobalSection(SolutionProperties) = preSolution
		HideSolutionNode = FALSE
	EndGlobalSection
	GlobalSection(ExtensibilityGlobals) = postSolution
		SolutionGuid = {D5FCA900-7617-468C-ADCB-C032E80E74BC}
	EndGlobalSection
EndGlobal
